# This file is automatically @generated by Cargo.
# It is not intended for manual editing.
[[package]]
name = "jb_utils"
version = "0.1.0"
source = "git+https://github.com/jessebadry/jb_utils.git#a07e38d9820eb9cc8bf8e6b4b29f6e317afef789"
dependencies = [
 "libc",
]

[[package]]
name = "libc"
version = "0.2.77"
source = "registry+https://github.com/rust-lang/crates.io-index"
checksum = "f2f96b10ec2560088a8e76961b00d47107b3a625fecb76dedb29ee7ccbf98235"

[[package]]
name = "ttt_engine"
version = "0.1.0"
dependencies = [
 "jb_utils",
]
